// !$*UTF8*$!
{
	archiveVersion = 1;
	classes = {
	};
	objectVersion = 51;
	objects = {

/* Begin PBXBuildFile section */
		584C7BC22445D41300064FB9 /* AppDelegate.swift in Sources */ = {isa = PBXBuildFile; fileRef = 584C7BC12445D41300064FB9 /* AppDelegate.swift */; };
		584C7BC42445D41300064FB9 /* SceneDelegate.swift in Sources */ = {isa = PBXBuildFile; fileRef = 584C7BC32445D41300064FB9 /* SceneDelegate.swift */; };
		584C7BC62445D41300064FB9 /* ViewController.swift in Sources */ = {isa = PBXBuildFile; fileRef = 584C7BC52445D41300064FB9 /* ViewController.swift */; };
		584C7BCB2445D41900064FB9 /* Assets.xcassets in Resources */ = {isa = PBXBuildFile; fileRef = 584C7BCA2445D41900064FB9 /* Assets.xcassets */; };
		584C7BCE2445D41900064FB9 /* LaunchScreen.storyboard in Resources */ = {isa = PBXBuildFile; fileRef = 584C7BCC2445D41900064FB9 /* LaunchScreen.storyboard */; };
		584C7BD92445D41900064FB9 /* TestAppTests.swift in Sources */ = {isa = PBXBuildFile; fileRef = 584C7BD82445D41900064FB9 /* TestAppTests.swift */; };
		584C7BEA2445D95C00064FB9 /* AppServerClient.swift in Sources */ = {isa = PBXBuildFile; fileRef = 584C7BE92445D95C00064FB9 /* AppServerClient.swift */; };
		584C7BEC2445D9E500064FB9 /* JSON.swift in Sources */ = {isa = PBXBuildFile; fileRef = 584C7BEB2445D9E500064FB9 /* JSON.swift */; };
		584C7BEE2445DA0200064FB9 /* Result.swift in Sources */ = {isa = PBXBuildFile; fileRef = 584C7BED2445DA0200064FB9 /* Result.swift */; };
		584C7BF02445DA1A00064FB9 /* Bindable.swift in Sources */ = {isa = PBXBuildFile; fileRef = 584C7BEF2445DA1A00064FB9 /* Bindable.swift */; };
		584C7BF22445DA8600064FB9 /* Rows.swift in Sources */ = {isa = PBXBuildFile; fileRef = 584C7BF12445DA8600064FB9 /* Rows.swift */; };
		584C7BF42445DAC500064FB9 /* RowsTableViewViewModel.swift in Sources */ = {isa = PBXBuildFile; fileRef = 584C7BF32445DAC500064FB9 /* RowsTableViewViewModel.swift */; };
		584C7BF62445DB0C00064FB9 /* RowsCellViewModel.swift in Sources */ = {isa = PBXBuildFile; fileRef = 584C7BF52445DB0C00064FB9 /* RowsCellViewModel.swift */; };
		584C7BFA2445DB5C00064FB9 /* CustomTableViewCell.swift in Sources */ = {isa = PBXBuildFile; fileRef = 584C7BF92445DB5C00064FB9 /* CustomTableViewCell.swift */; };
		5853353B2448813D00524704 /* TestAppUITests.swift in Sources */ = {isa = PBXBuildFile; fileRef = 5853353A2448813D00524704 /* TestAppUITests.swift */; };
		B438303BD4AA193D32403F55 /* Pods_TestApp.framework in Frameworks */ = {isa = PBXBuildFile; fileRef = AF33C2469A12AB0BAF0DF707 /* Pods_TestApp.framework */; };
		D8999E8D07959A2745FA3584 /* Pods_TestAppTests.framework in Frameworks */ = {isa = PBXBuildFile; fileRef = C6AF382BC96FEF1EC5ED5F81 /* Pods_TestAppTests.framework */; };
/* End PBXBuildFile section */

/* Begin PBXContainerItemProxy section */
		584C7BD52445D41900064FB9 /* PBXContainerItemProxy */ = {
			isa = PBXContainerItemProxy;
			containerPortal = 584C7BB62445D41300064FB9 /* Project object */;
			proxyType = 1;
			remoteGlobalIDString = 584C7BBD2445D41300064FB9;
			remoteInfo = TestApp;
		};
		5853353D2448813D00524704 /* PBXContainerItemProxy */ = {
			isa = PBXContainerItemProxy;
			containerPortal = 584C7BB62445D41300064FB9 /* Project object */;
			proxyType = 1;
			remoteGlobalIDString = 584C7BBD2445D41300064FB9;
			remoteInfo = TestApp;
		};
/* End PBXContainerItemProxy section */

/* Begin PBXFileReference section */
		448A9DAC9F233527BFDAFE6A /* Pods-TestApp.debug.xcconfig */ = {isa = PBXFileReference; includeInIndex = 1; lastKnownFileType = text.xcconfig; name = "Pods-TestApp.debug.xcconfig"; path = "Target Support Files/Pods-TestApp/Pods-TestApp.debug.xcconfig"; sourceTree = "<group>"; };
		584C7BBE2445D41300064FB9 /* TestApp.app */ = {isa = PBXFileReference; explicitFileType = wrapper.application; includeInIndex = 0; path = TestApp.app; sourceTree = BUILT_PRODUCTS_DIR; };
		584C7BC12445D41300064FB9 /* AppDelegate.swift */ = {isa = PBXFileReference; lastKnownFileType = sourcecode.swift; path = AppDelegate.swift; sourceTree = "<group>"; };
		584C7BC32445D41300064FB9 /* SceneDelegate.swift */ = {isa = PBXFileReference; lastKnownFileType = sourcecode.swift; path = SceneDelegate.swift; sourceTree = "<group>"; };
		584C7BC52445D41300064FB9 /* ViewController.swift */ = {isa = PBXFileReference; lastKnownFileType = sourcecode.swift; path = ViewController.swift; sourceTree = "<group>"; };
		584C7BCA2445D41900064FB9 /* Assets.xcassets */ = {isa = PBXFileReference; lastKnownFileType = folder.assetcatalog; path = Assets.xcassets; sourceTree = "<group>"; };
		584C7BCD2445D41900064FB9 /* Base */ = {isa = PBXFileReference; lastKnownFileType = file.storyboard; name = Base; path = Base.lproj/LaunchScreen.storyboard; sourceTree = "<group>"; };
		584C7BCF2445D41900064FB9 /* Info.plist */ = {isa = PBXFileReference; lastKnownFileType = text.plist.xml; path = Info.plist; sourceTree = "<group>"; };
		584C7BD42445D41900064FB9 /* TestAppTests.xctest */ = {isa = PBXFileReference; explicitFileType = wrapper.cfbundle; includeInIndex = 0; path = TestAppTests.xctest; sourceTree = BUILT_PRODUCTS_DIR; };
		584C7BD82445D41900064FB9 /* TestAppTests.swift */ = {isa = PBXFileReference; lastKnownFileType = sourcecode.swift; path = TestAppTests.swift; sourceTree = "<group>"; };
		584C7BDA2445D41900064FB9 /* Info.plist */ = {isa = PBXFileReference; lastKnownFileType = text.plist.xml; path = Info.plist; sourceTree = "<group>"; };
		584C7BE92445D95C00064FB9 /* AppServerClient.swift */ = {isa = PBXFileReference; lastKnownFileType = sourcecode.swift; path = AppServerClient.swift; sourceTree = "<group>"; };
		584C7BEB2445D9E500064FB9 /* JSON.swift */ = {isa = PBXFileReference; lastKnownFileType = sourcecode.swift; path = JSON.swift; sourceTree = "<group>"; };
		584C7BED2445DA0200064FB9 /* Result.swift */ = {isa = PBXFileReference; lastKnownFileType = sourcecode.swift; path = Result.swift; sourceTree = "<group>"; };
		584C7BEF2445DA1A00064FB9 /* Bindable.swift */ = {isa = PBXFileReference; lastKnownFileType = sourcecode.swift; path = Bindable.swift; sourceTree = "<group>"; };
		584C7BF12445DA8600064FB9 /* Rows.swift */ = {isa = PBXFileReference; lastKnownFileType = sourcecode.swift; path = Rows.swift; sourceTree = "<group>"; };
		584C7BF32445DAC500064FB9 /* RowsTableViewViewModel.swift */ = {isa = PBXFileReference; lastKnownFileType = sourcecode.swift; path = RowsTableViewViewModel.swift; sourceTree = "<group>"; };
		584C7BF52445DB0C00064FB9 /* RowsCellViewModel.swift */ = {isa = PBXFileReference; lastKnownFileType = sourcecode.swift; path = RowsCellViewModel.swift; sourceTree = "<group>"; };
		584C7BF92445DB5C00064FB9 /* CustomTableViewCell.swift */ = {isa = PBXFileReference; lastKnownFileType = sourcecode.swift; path = CustomTableViewCell.swift; sourceTree = "<group>"; };
		585335382448813D00524704 /* TestAppUITests.xctest */ = {isa = PBXFileReference; explicitFileType = wrapper.cfbundle; includeInIndex = 0; path = TestAppUITests.xctest; sourceTree = BUILT_PRODUCTS_DIR; };
		5853353A2448813D00524704 /* TestAppUITests.swift */ = {isa = PBXFileReference; lastKnownFileType = sourcecode.swift; path = TestAppUITests.swift; sourceTree = "<group>"; };
		5853353C2448813D00524704 /* Info.plist */ = {isa = PBXFileReference; lastKnownFileType = text.plist.xml; path = Info.plist; sourceTree = "<group>"; };
		62A224F52C4E1A382CCB007D /* Pods-TestAppTests.release.xcconfig */ = {isa = PBXFileReference; includeInIndex = 1; lastKnownFileType = text.xcconfig; name = "Pods-TestAppTests.release.xcconfig"; path = "Target Support Files/Pods-TestAppTests/Pods-TestAppTests.release.xcconfig"; sourceTree = "<group>"; };
		76F6F545C810381AFBA6BB1E /* Pods-TestAppTests.debug.xcconfig */ = {isa = PBXFileReference; includeInIndex = 1; lastKnownFileType = text.xcconfig; name = "Pods-TestAppTests.debug.xcconfig"; path = "Target Support Files/Pods-TestAppTests/Pods-TestAppTests.debug.xcconfig"; sourceTree = "<group>"; };
		AF33C2469A12AB0BAF0DF707 /* Pods_TestApp.framework */ = {isa = PBXFileReference; explicitFileType = wrapper.framework; includeInIndex = 0; path = Pods_TestApp.framework; sourceTree = BUILT_PRODUCTS_DIR; };
		AFFBB981CE8FBA58025B6696 /* Pods-TestApp.release.xcconfig */ = {isa = PBXFileReference; includeInIndex = 1; lastKnownFileType = text.xcconfig; name = "Pods-TestApp.release.xcconfig"; path = "Target Support Files/Pods-TestApp/Pods-TestApp.release.xcconfig"; sourceTree = "<group>"; };
		C6AF382BC96FEF1EC5ED5F81 /* Pods_TestAppTests.framework */ = {isa = PBXFileReference; explicitFileType = wrapper.framework; includeInIndex = 0; path = Pods_TestAppTests.framework; sourceTree = BUILT_PRODUCTS_DIR; };
/* End PBXFileReference section */

/* Begin PBXFrameworksBuildPhase section */
		584C7BBB2445D41300064FB9 /* Frameworks */ = {
			isa = PBXFrameworksBuildPhase;
			buildActionMask = 2147483647;
			files = (
				B438303BD4AA193D32403F55 /* Pods_TestApp.framework in Frameworks */,
			);
			runOnlyForDeploymentPostprocessing = 0;
		};
		584C7BD12445D41900064FB9 /* Frameworks */ = {
			isa = PBXFrameworksBuildPhase;
			buildActionMask = 2147483647;
			files = (
				D8999E8D07959A2745FA3584 /* Pods_TestAppTests.framework in Frameworks */,
			);
			runOnlyForDeploymentPostprocessing = 0;
		};
		585335352448813D00524704 /* Frameworks */ = {
			isa = PBXFrameworksBuildPhase;
			buildActionMask = 2147483647;
			files = (
			);
			runOnlyForDeploymentPostprocessing = 0;
		};
/* End PBXFrameworksBuildPhase section */

/* Begin PBXGroup section */
		4D5BB7F6CFFF50CBB96CE873 /* Pods */ = {
			isa = PBXGroup;
			children = (
				448A9DAC9F233527BFDAFE6A /* Pods-TestApp.debug.xcconfig */,
				AFFBB981CE8FBA58025B6696 /* Pods-TestApp.release.xcconfig */,
				76F6F545C810381AFBA6BB1E /* Pods-TestAppTests.debug.xcconfig */,
				62A224F52C4E1A382CCB007D /* Pods-TestAppTests.release.xcconfig */,
			);
			path = Pods;
			sourceTree = "<group>";
		};
		584C7BB52445D41300064FB9 = {
			isa = PBXGroup;
			children = (
				584C7BC02445D41300064FB9 /* TestApp */,
				584C7BD72445D41900064FB9 /* TestAppTests */,
				585335392448813D00524704 /* TestAppUITests */,
				584C7BBF2445D41300064FB9 /* Products */,
				4D5BB7F6CFFF50CBB96CE873 /* Pods */,
				816065F91F72C81805AD3662 /* Frameworks */,
			);
			sourceTree = "<group>";
		};
		584C7BBF2445D41300064FB9 /* Products */ = {
			isa = PBXGroup;
			children = (
				584C7BBE2445D41300064FB9 /* TestApp.app */,
				584C7BD42445D41900064FB9 /* TestAppTests.xctest */,
				585335382448813D00524704 /* TestAppUITests.xctest */,
			);
			name = Products;
			sourceTree = "<group>";
		};
		584C7BC02445D41300064FB9 /* TestApp */ = {
			isa = PBXGroup;
			children = (
				584C7BE82445D7E000064FB9 /* ViewController */,
				584C7BE72445D7D800064FB9 /* View */,
				584C7BE62445D78F00064FB9 /* Service */,
				584C7BE52445D78600064FB9 /* ViewModel */,
				584C7BE42445D76D00064FB9 /* Helper */,
				584C7BE32445D76300064FB9 /* Model */,
				584C7BC12445D41300064FB9 /* AppDelegate.swift */,
				584C7BC32445D41300064FB9 /* SceneDelegate.swift */,
				584C7BCA2445D41900064FB9 /* Assets.xcassets */,
				584C7BCC2445D41900064FB9 /* LaunchScreen.storyboard */,
				584C7BCF2445D41900064FB9 /* Info.plist */,
			);
			path = TestApp;
			sourceTree = "<group>";
		};
		584C7BD72445D41900064FB9 /* TestAppTests */ = {
			isa = PBXGroup;
			children = (
				584C7BD82445D41900064FB9 /* TestAppTests.swift */,
				584C7BDA2445D41900064FB9 /* Info.plist */,
			);
			path = TestAppTests;
			sourceTree = "<group>";
		};
		584C7BE32445D76300064FB9 /* Model */ = {
			isa = PBXGroup;
			children = (
				584C7BF12445DA8600064FB9 /* Rows.swift */,
			);
			path = Model;
			sourceTree = "<group>";
		};
		584C7BE42445D76D00064FB9 /* Helper */ = {
			isa = PBXGroup;
			children = (
				584C7BEB2445D9E500064FB9 /* JSON.swift */,
				584C7BED2445DA0200064FB9 /* Result.swift */,
				584C7BEF2445DA1A00064FB9 /* Bindable.swift */,
			);
			path = Helper;
			sourceTree = "<group>";
		};
		584C7BE52445D78600064FB9 /* ViewModel */ = {
			isa = PBXGroup;
			children = (
				584C7BF32445DAC500064FB9 /* RowsTableViewViewModel.swift */,
				584C7BF52445DB0C00064FB9 /* RowsCellViewModel.swift */,
			);
			path = ViewModel;
			sourceTree = "<group>";
		};
		584C7BE62445D78F00064FB9 /* Service */ = {
			isa = PBXGroup;
			children = (
				584C7BE92445D95C00064FB9 /* AppServerClient.swift */,
			);
			path = Service;
			sourceTree = "<group>";
		};
		584C7BE72445D7D800064FB9 /* View */ = {
			isa = PBXGroup;
			children = (
				584C7BF92445DB5C00064FB9 /* CustomTableViewCell.swift */,
			);
			path = View;
			sourceTree = "<group>";
		};
		584C7BE82445D7E000064FB9 /* ViewController */ = {
			isa = PBXGroup;
			children = (
				584C7BC52445D41300064FB9 /* ViewController.swift */,
			);
			path = ViewController;
			sourceTree = "<group>";
		};
		585335392448813D00524704 /* TestAppUITests */ = {
			isa = PBXGroup;
			children = (
				5853353A2448813D00524704 /* TestAppUITests.swift */,
				5853353C2448813D00524704 /* Info.plist */,
			);
			path = TestAppUITests;
			sourceTree = "<group>";
		};
		816065F91F72C81805AD3662 /* Frameworks */ = {
			isa = PBXGroup;
			children = (
				AF33C2469A12AB0BAF0DF707 /* Pods_TestApp.framework */,
				C6AF382BC96FEF1EC5ED5F81 /* Pods_TestAppTests.framework */,
			);
			name = Frameworks;
			sourceTree = "<group>";
		};
/* End PBXGroup section */

/* Begin PBXNativeTarget section */
		584C7BBD2445D41300064FB9 /* TestApp */ = {
			isa = PBXNativeTarget;
			buildConfigurationList = 584C7BDD2445D41900064FB9 /* Build configuration list for PBXNativeTarget "TestApp" */;
			buildPhases = (
				6AFB79676ACDD122F172FCAF /* [CP] Check Pods Manifest.lock */,
				584C7BBA2445D41300064FB9 /* Sources */,
				584C7BBB2445D41300064FB9 /* Frameworks */,
				584C7BBC2445D41300064FB9 /* Resources */,
				0068B2C0226F1D1C1FB17F56 /* [CP] Embed Pods Frameworks */,
			);
			buildRules = (
			);
			dependencies = (
			);
			name = TestApp;
			productName = TestApp;
			productReference = 584C7BBE2445D41300064FB9 /* TestApp.app */;
			productType = "com.apple.product-type.application";
		};
		584C7BD32445D41900064FB9 /* TestAppTests */ = {
			isa = PBXNativeTarget;
			buildConfigurationList = 584C7BE02445D41900064FB9 /* Build configuration list for PBXNativeTarget "TestAppTests" */;
			buildPhases = (
				A9FFA39BC09BB57B24724554 /* [CP] Check Pods Manifest.lock */,
				584C7BD02445D41900064FB9 /* Sources */,
				584C7BD12445D41900064FB9 /* Frameworks */,
				584C7BD22445D41900064FB9 /* Resources */,
			);
			buildRules = (
			);
			dependencies = (
				584C7BD62445D41900064FB9 /* PBXTargetDependency */,
			);
			name = TestAppTests;
			productName = TestAppTests;
			productReference = 584C7BD42445D41900064FB9 /* TestAppTests.xctest */;
			productType = "com.apple.product-type.bundle.unit-test";
		};
		585335372448813D00524704 /* TestAppUITests */ = {
			isa = PBXNativeTarget;
			buildConfigurationList = 585335412448813D00524704 /* Build configuration list for PBXNativeTarget "TestAppUITests" */;
			buildPhases = (
				585335342448813D00524704 /* Sources */,
				585335352448813D00524704 /* Frameworks */,
				585335362448813D00524704 /* Resources */,
				585335422448843C00524704 /* ShellScript */,
			);
			buildRules = (
			);
			dependencies = (
				5853353E2448813D00524704 /* PBXTargetDependency */,
			);
			name = TestAppUITests;
			productName = TestAppUITests;
			productReference = 585335382448813D00524704 /* TestAppUITests.xctest */;
			productType = "com.apple.product-type.bundle.ui-testing";
		};
/* End PBXNativeTarget section */

/* Begin PBXProject section */
		584C7BB62445D41300064FB9 /* Project object */ = {
			isa = PBXProject;
			attributes = {
				LastSwiftUpdateCheck = 1130;
				LastUpgradeCheck = 1130;
				ORGANIZATIONNAME = "Vijay Masal";
				TargetAttributes = {
					584C7BBD2445D41300064FB9 = {
						CreatedOnToolsVersion = 11.3.1;
					};
					584C7BD32445D41900064FB9 = {
						CreatedOnToolsVersion = 11.3.1;
						TestTargetID = 584C7BBD2445D41300064FB9;
					};
					585335372448813D00524704 = {
						CreatedOnToolsVersion = 11.3.1;
						TestTargetID = 584C7BBD2445D41300064FB9;
					};
				};
			};
			buildConfigurationList = 584C7BB92445D41300064FB9 /* Build configuration list for PBXProject "TestApp" */;
			compatibilityVersion = "Xcode 9.3";
			developmentRegion = en;
			hasScannedForEncodings = 0;
			knownRegions = (
				en,
				Base,
			);
			mainGroup = 584C7BB52445D41300064FB9;
			productRefGroup = 584C7BBF2445D41300064FB9 /* Products */;
			projectDirPath = "";
			projectRoot = "";
			targets = (
				584C7BBD2445D41300064FB9 /* TestApp */,
				584C7BD32445D41900064FB9 /* TestAppTests */,
				585335372448813D00524704 /* TestAppUITests */,
			);
		};
/* End PBXProject section */

/* Begin PBXResourcesBuildPhase section */
		584C7BBC2445D41300064FB9 /* Resources */ = {
			isa = PBXResourcesBuildPhase;
			buildActionMask = 2147483647;
			files = (
				584C7BCE2445D41900064FB9 /* LaunchScreen.storyboard in Resources */,
				584C7BCB2445D41900064FB9 /* Assets.xcassets in Resources */,
			);
			runOnlyForDeploymentPostprocessing = 0;
		};
		584C7BD22445D41900064FB9 /* Resources */ = {
			isa = PBXResourcesBuildPhase;
			buildActionMask = 2147483647;
			files = (
			);
			runOnlyForDeploymentPostprocessing = 0;
		};
		585335362448813D00524704 /* Resources */ = {
			isa = PBXResourcesBuildPhase;
			buildActionMask = 2147483647;
			files = (
			);
			runOnlyForDeploymentPostprocessing = 0;
		};
/* End PBXResourcesBuildPhase section */

/* Begin PBXShellScriptBuildPhase section */
		0068B2C0226F1D1C1FB17F56 /* [CP] Embed Pods Frameworks */ = {
			isa = PBXShellScriptBuildPhase;
			buildActionMask = 2147483647;
			files = (
			);
			inputFileListPaths = (
				"${PODS_ROOT}/Target Support Files/Pods-TestApp/Pods-TestApp-frameworks-${CONFIGURATION}-input-files.xcfilelist",
			);
			name = "[CP] Embed Pods Frameworks";
			outputFileListPaths = (
				"${PODS_ROOT}/Target Support Files/Pods-TestApp/Pods-TestApp-frameworks-${CONFIGURATION}-output-files.xcfilelist",
			);
			runOnlyForDeploymentPostprocessing = 0;
			shellPath = /bin/sh;
			shellScript = "\"${PODS_ROOT}/Target Support Files/Pods-TestApp/Pods-TestApp-frameworks.sh\"\n";
			showEnvVarsInLog = 0;
		};
		585335422448843C00524704 /* ShellScript */ = {
			isa = PBXShellScriptBuildPhase;
			buildActionMask = 2147483647;
			files = (
			);
			inputFileListPaths = (
			);
			inputPaths = (
			);
			outputFileListPaths = (
			);
			outputPaths = (
			);
			runOnlyForDeploymentPostprocessing = 0;
			shellPath = /bin/sh;
			shellScript = "if which swiftlint >/dev/null; then\n  swiftlint\nelse\n  echo \"warning: SwiftLint not installed, download from https://github.com/realm/SwiftLint\"\nfi\n";
		};
		6AFB79676ACDD122F172FCAF /* [CP] Check Pods Manifest.lock */ = {
			isa = PBXShellScriptBuildPhase;
			buildActionMask = 2147483647;
			files = (
			);
			inputFileListPaths = (
			);
			inputPaths = (
				"${PODS_PODFILE_DIR_PATH}/Podfile.lock",
				"${PODS_ROOT}/Manifest.lock",
			);
			name = "[CP] Check Pods Manifest.lock";
			outputFileListPaths = (
			);
			outputPaths = (
				"$(DERIVED_FILE_DIR)/Pods-TestApp-checkManifestLockResult.txt",
			);
			runOnlyForDeploymentPostprocessing = 0;
			shellPath = /bin/sh;
			shellScript = "diff \"${PODS_PODFILE_DIR_PATH}/Podfile.lock\" \"${PODS_ROOT}/Manifest.lock\" > /dev/null\nif [ $? != 0 ] ; then\n    # print error to STDERR\n    echo \"error: The sandbox is not in sync with the Podfile.lock. Run 'pod install' or update your CocoaPods installation.\" >&2\n    exit 1\nfi\n# This output is used by Xcode 'outputs' to avoid re-running this script phase.\necho \"SUCCESS\" > \"${SCRIPT_OUTPUT_FILE_0}\"\n";
			showEnvVarsInLog = 0;
		};
		A9FFA39BC09BB57B24724554 /* [CP] Check Pods Manifest.lock */ = {
			isa = PBXShellScriptBuildPhase;
			buildActionMask = 2147483647;
			files = (
			);
			inputFileListPaths = (
			);
			inputPaths = (
				"${PODS_PODFILE_DIR_PATH}/Podfile.lock",
				"${PODS_ROOT}/Manifest.lock",
			);
			name = "[CP] Check Pods Manifest.lock";
			outputFileListPaths = (
			);
			outputPaths = (
				"$(DERIVED_FILE_DIR)/Pods-TestAppTests-checkManifestLockResult.txt",
			);
			runOnlyForDeploymentPostprocessing = 0;
			shellPath = /bin/sh;
			shellScript = "diff \"${PODS_PODFILE_DIR_PATH}/Podfile.lock\" \"${PODS_ROOT}/Manifest.lock\" > /dev/null\nif [ $? != 0 ] ; then\n    # print error to STDERR\n    echo \"error: The sandbox is not in sync with the Podfile.lock. Run 'pod install' or update your CocoaPods installation.\" >&2\n    exit 1\nfi\n# This output is used by Xcode 'outputs' to avoid re-running this script phase.\necho \"SUCCESS\" > \"${SCRIPT_OUTPUT_FILE_0}\"\n";
			showEnvVarsInLog = 0;
		};
/* End PBXShellScriptBuildPhase section */

/* Begin PBXSourcesBuildPhase section */
		584C7BBA2445D41300064FB9 /* Sources */ = {
			isa = PBXSourcesBuildPhase;
			buildActionMask = 2147483647;
			files = (
				584C7BF22445DA8600064FB9 /* Rows.swift in Sources */,
				584C7BEE2445DA0200064FB9 /* Result.swift in Sources */,
				584C7BFA2445DB5C00064FB9 /* CustomTableViewCell.swift in Sources */,
				584C7BF02445DA1A00064FB9 /* Bindable.swift in Sources */,
				584C7BC62445D41300064FB9 /* ViewController.swift in Sources */,
				584C7BEC2445D9E500064FB9 /* JSON.swift in Sources */,
				584C7BC22445D41300064FB9 /* AppDelegate.swift in Sources */,
				584C7BF42445DAC500064FB9 /* RowsTableViewViewModel.swift in Sources */,
				584C7BC42445D41300064FB9 /* SceneDelegate.swift in Sources */,
				584C7BEA2445D95C00064FB9 /* AppServerClient.swift in Sources */,
				584C7BF62445DB0C00064FB9 /* RowsCellViewModel.swift in Sources */,
			);
			runOnlyForDeploymentPostprocessing = 0;
		};
		584C7BD02445D41900064FB9 /* Sources */ = {
			isa = PBXSourcesBuildPhase;
			buildActionMask = 2147483647;
			files = (
				584C7BD92445D41900064FB9 /* TestAppTests.swift in Sources */,
			);
			runOnlyForDeploymentPostprocessing = 0;
		};
		585335342448813D00524704 /* Sources */ = {
			isa = PBXSourcesBuildPhase;
			buildActionMask = 2147483647;
			files = (
				5853353B2448813D00524704 /* TestAppUITests.swift in Sources */,
			);
			runOnlyForDeploymentPostprocessing = 0;
		};
/* End PBXSourcesBuildPhase section */

/* Begin PBXTargetDependency section */
		584C7BD62445D41900064FB9 /* PBXTargetDependency */ = {
			isa = PBXTargetDependency;
			target = 584C7BBD2445D41300064FB9 /* TestApp */;
			targetProxy = 584C7BD52445D41900064FB9 /* PBXContainerItemProxy */;
		};
		5853353E2448813D00524704 /* PBXTargetDependency */ = {
			isa = PBXTargetDependency;
			target = 584C7BBD2445D41300064FB9 /* TestApp */;
			targetProxy = 5853353D2448813D00524704 /* PBXContainerItemProxy */;
		};
/* End PBXTargetDependency section */

/* Begin PBXVariantGroup section */
		584C7BCC2445D41900064FB9 /* LaunchScreen.storyboard */ = {
			isa = PBXVariantGroup;
			children = (
				584C7BCD2445D41900064FB9 /* Base */,
			);
			name = LaunchScreen.storyboard;
			sourceTree = "<group>";
		};
/* End PBXVariantGroup section */

/* Begin XCBuildConfiguration section */
		584C7BDB2445D41900064FB9 /* Debug */ = {
			isa = XCBuildConfiguration;
			buildSettings = {
				ALWAYS_SEARCH_USER_PATHS = NO;
				CLANG_ANALYZER_NONNULL = YES;
				CLANG_ANALYZER_NUMBER_OBJECT_CONVERSION = YES_AGGRESSIVE;
				CLANG_CXX_LANGUAGE_STANDARD = "gnu++14";
				CLANG_CXX_LIBRARY = "libc++";
				CLANG_ENABLE_MODULES = YES;
				CLANG_ENABLE_OBJC_ARC = YES;
				CLANG_ENABLE_OBJC_WEAK = YES;
				CLANG_WARN_BLOCK_CAPTURE_AUTORELEASING = YES;
				CLANG_WARN_BOOL_CONVERSION = YES;
				CLANG_WARN_COMMA = YES;
				CLANG_WARN_CONSTANT_CONVERSION = YES;
				CLANG_WARN_DEPRECATED_OBJC_IMPLEMENTATIONS = YES;
				CLANG_WARN_DIRECT_OBJC_ISA_USAGE = YES_ERROR;
				CLANG_WARN_DOCUMENTATION_COMMENTS = YES;
				CLANG_WARN_EMPTY_BODY = YES;
				CLANG_WARN_ENUM_CONVERSION = YES;
				CLANG_WARN_INFINITE_RECURSION = YES;
				CLANG_WARN_INT_CONVERSION = YES;
				CLANG_WARN_NON_LITERAL_NULL_CONVERSION = YES;
				CLANG_WARN_OBJC_IMPLICIT_RETAIN_SELF = YES;
				CLANG_WARN_OBJC_LITERAL_CONVERSION = YES;
				CLANG_WARN_OBJC_ROOT_CLASS = YES_ERROR;
				CLANG_WARN_RANGE_LOOP_ANALYSIS = YES;
				CLANG_WARN_STRICT_PROTOTYPES = YES;
				CLANG_WARN_SUSPICIOUS_MOVE = YES;
				CLANG_WARN_UNGUARDED_AVAILABILITY = YES_AGGRESSIVE;
				CLANG_WARN_UNREACHABLE_CODE = YES;
				CLANG_WARN__DUPLICATE_METHOD_MATCH = YES;
				COPY_PHASE_STRIP = NO;
				DEBUG_INFORMATION_FORMAT = dwarf;
				ENABLE_STRICT_OBJC_MSGSEND = YES;
				ENABLE_TESTABILITY = YES;
				GCC_C_LANGUAGE_STANDARD = gnu11;
				GCC_DYNAMIC_NO_PIC = NO;
				GCC_NO_COMMON_BLOCKS = YES;
				GCC_OPTIMIZATION_LEVEL = 0;
				GCC_PREPROCESSOR_DEFINITIONS = (
					"DEBUG=1",
					"$(inherited)",
				);
				GCC_WARN_64_TO_32_BIT_CONVERSION = YES;
				GCC_WARN_ABOUT_RETURN_TYPE = YES_ERROR;
				GCC_WARN_UNDECLARED_SELECTOR = YES;
				GCC_WARN_UNINITIALIZED_AUTOS = YES_AGGRESSIVE;
				GCC_WARN_UNUSED_FUNCTION = YES;
				GCC_WARN_UNUSED_VARIABLE = YES;
				IPHONEOS_DEPLOYMENT_TARGET = 13.2;
				MTL_ENABLE_DEBUG_INFO = INCLUDE_SOURCE;
				MTL_FAST_MATH = YES;
				ONLY_ACTIVE_ARCH = YES;
				SDKROOT = iphoneos;
				SWIFT_ACTIVE_COMPILATION_CONDITIONS = DEBUG;
				SWIFT_OPTIMIZATION_LEVEL = "-Onone";
			};
			name = Debug;
		};
		584C7BDC2445D41900064FB9 /* Release */ = {
			isa = XCBuildConfiguration;
			buildSettings = {
				ALWAYS_SEARCH_USER_PATHS = NO;
				CLANG_ANALYZER_NONNULL = YES;
				CLANG_ANALYZER_NUMBER_OBJECT_CONVERSION = YES_AGGRESSIVE;
				CLANG_CXX_LANGUAGE_STANDARD = "gnu++14";
				CLANG_CXX_LIBRARY = "libc++";
				CLANG_ENABLE_MODULES = YES;
				CLANG_ENABLE_OBJC_ARC = YES;
				CLANG_ENABLE_OBJC_WEAK = YES;
				CLANG_WARN_BLOCK_CAPTURE_AUTORELEASING = YES;
				CLANG_WARN_BOOL_CONVERSION = YES;
				CLANG_WARN_COMMA = YES;
				CLANG_WARN_CONSTANT_CONVERSION = YES;
				CLANG_WARN_DEPRECATED_OBJC_IMPLEMENTATIONS = YES;
				CLANG_WARN_DIRECT_OBJC_ISA_USAGE = YES_ERROR;
				CLANG_WARN_DOCUMENTATION_COMMENTS = YES;
				CLANG_WARN_EMPTY_BODY = YES;
				CLANG_WARN_ENUM_CONVERSION = YES;
				CLANG_WARN_INFINITE_RECURSION = YES;
				CLANG_WARN_INT_CONVERSION = YES;
				CLANG_WARN_NON_LITERAL_NULL_CONVERSION = YES;
				CLANG_WARN_OBJC_IMPLICIT_RETAIN_SELF = YES;
				CLANG_WARN_OBJC_LITERAL_CONVERSION = YES;
				CLANG_WARN_OBJC_ROOT_CLASS = YES_ERROR;
				CLANG_WARN_RANGE_LOOP_ANALYSIS = YES;
				CLANG_WARN_STRICT_PROTOTYPES = YES;
				CLANG_WARN_SUSPICIOUS_MOVE = YES;
				CLANG_WARN_UNGUARDED_AVAILABILITY = YES_AGGRESSIVE;
				CLANG_WARN_UNREACHABLE_CODE = YES;
				CLANG_WARN__DUPLICATE_METHOD_MATCH = YES;
				COPY_PHASE_STRIP = NO;
				DEBUG_INFORMATION_FORMAT = "dwarf-with-dsym";
				ENABLE_NS_ASSERTIONS = NO;
				ENABLE_STRICT_OBJC_MSGSEND = YES;
				GCC_C_LANGUAGE_STANDARD = gnu11;
				GCC_NO_COMMON_BLOCKS = YES;
				GCC_WARN_64_TO_32_BIT_CONVERSION = YES;
				GCC_WARN_ABOUT_RETURN_TYPE = YES_ERROR;
				GCC_WARN_UNDECLARED_SELECTOR = YES;
				GCC_WARN_UNINITIALIZED_AUTOS = YES_AGGRESSIVE;
				GCC_WARN_UNUSED_FUNCTION = YES;
				GCC_WARN_UNUSED_VARIABLE = YES;
				IPHONEOS_DEPLOYMENT_TARGET = 13.2;
				MTL_ENABLE_DEBUG_INFO = NO;
				MTL_FAST_MATH = YES;
				SDKROOT = iphoneos;
				SWIFT_COMPILATION_MODE = wholemodule;
				SWIFT_OPTIMIZATION_LEVEL = "-O";
				VALIDATE_PRODUCT = YES;
			};
			name = Release;
		};
		584C7BDE2445D41900064FB9 /* Debug */ = {
			isa = XCBuildConfiguration;
			baseConfigurationReference = 448A9DAC9F233527BFDAFE6A /* Pods-TestApp.debug.xcconfig */;
			buildSettings = {
				ASSETCATALOG_COMPILER_APPICON_NAME = AppIcon;
				CODE_SIGN_STYLE = Automatic;
				INFOPLIST_FILE = TestApp/Info.plist;
				IPHONEOS_DEPLOYMENT_TARGET = 12.0;
				LD_RUNPATH_SEARCH_PATHS = (
					"$(inherited)",
					"@executable_path/Frameworks",
				);
				PRODUCT_BUNDLE_IDENTIFIER = vijay.TestApp;
				PRODUCT_NAME = "$(TARGET_NAME)";
				SWIFT_VERSION = 5.0;
				TARGETED_DEVICE_FAMILY = "1,2";
			};
			name = Debug;
		};
		584C7BDF2445D41900064FB9 /* Release */ = {
			isa = XCBuildConfiguration;
			baseConfigurationReference = AFFBB981CE8FBA58025B6696 /* Pods-TestApp.release.xcconfig */;
			buildSettings = {
				ASSETCATALOG_COMPILER_APPICON_NAME = AppIcon;
				CODE_SIGN_STYLE = Automatic;
				INFOPLIST_FILE = TestApp/Info.plist;
				IPHONEOS_DEPLOYMENT_TARGET = 12.0;
				LD_RUNPATH_SEARCH_PATHS = (
					"$(inherited)",
					"@executable_path/Frameworks",
				);
				PRODUCT_BUNDLE_IDENTIFIER = vijay.TestApp;
				PRODUCT_NAME = "$(TARGET_NAME)";
				SWIFT_VERSION = 5.0;
				TARGETED_DEVICE_FAMILY = "1,2";
			};
			name = Release;
		};
		584C7BE12445D41900064FB9 /* Debug */ = {
			isa = XCBuildConfiguration;
			baseConfigurationReference = 76F6F545C810381AFBA6BB1E /* Pods-TestAppTests.debug.xcconfig */;
			buildSettings = {
				ALWAYS_EMBED_SWIFT_STANDARD_LIBRARIES = YES;
				BUNDLE_LOADER = "$(TEST_HOST)";
				CODE_SIGN_STYLE = Automatic;
				INFOPLIST_FILE = TestAppTests/Info.plist;
				IPHONEOS_DEPLOYMENT_TARGET = 13.2;
				LD_RUNPATH_SEARCH_PATHS = (
					"$(inherited)",
					"@executable_path/Frameworks",
					"@loader_path/Frameworks",
				);
				PRODUCT_BUNDLE_IDENTIFIER = vijay.TestAppTests;
				PRODUCT_NAME = "$(TARGET_NAME)";
				SWIFT_VERSION = 5.0;
				TARGETED_DEVICE_FAMILY = "1,2";
				TEST_HOST = "$(BUILT_PRODUCTS_DIR)/TestApp.app/TestApp";
			};
			name = Debug;
		};
		584C7BE22445D41900064FB9 /* Release */ = {
			isa = XCBuildConfiguration;
			baseConfigurationReference = 62A224F52C4E1A382CCB007D /* Pods-TestAppTests.release.xcconfig */;
			buildSettings = {
				ALWAYS_EMBED_SWIFT_STANDARD_LIBRARIES = YES;
				BUNDLE_LOADER = "$(TEST_HOST)";
				CODE_SIGN_STYLE = Automatic;
				INFOPLIST_FILE = TestAppTests/Info.plist;
				IPHONEOS_DEPLOYMENT_TARGET = 13.2;
				LD_RUNPATH_SEARCH_PATHS = (
					"$(inherited)",
					"@executable_path/Frameworks",
					"@loader_path/Frameworks",
				);
				PRODUCT_BUNDLE_IDENTIFIER = vijay.TestAppTests;
				PRODUCT_NAME = "$(TARGET_NAME)";
				SWIFT_VERSION = 5.0;
				TARGETED_DEVICE_FAMILY = "1,2";
				TEST_HOST = "$(BUILT_PRODUCTS_DIR)/TestApp.app/TestApp";
			};
			name = Release;
		};
		5853353F2448813D00524704 /* Debug */ = {
			isa = XCBuildConfiguration;
			buildSettings = {
				CODE_SIGN_STYLE = Automatic;
				INFOPLIST_FILE = TestAppUITests/Info.plist;
				LD_RUNPATH_SEARCH_PATHS = (
					"$(inherited)",
					"@executable_path/Frameworks",
					"@loader_path/Frameworks",
				);
				PRODUCT_BUNDLE_IDENTIFIER = vijay.TestAppUITests;
				PRODUCT_NAME = "$(TARGET_NAME)";
				SWIFT_VERSION = 5.0;
				TARGETED_DEVICE_FAMILY = "1,2";
				TEST_TARGET_NAME = TestApp;
			};
			name = Debug;
		};
		585335402448813D00524704 /* Release */ = {
			isa = XCBuildConfiguration;
			buildSettings = {
				CODE_SIGN_STYLE = Automatic;
				INFOPLIST_FILE = TestAppUITests/Info.plist;
				LD_RUNPATH_SEARCH_PATHS = (
					"$(inherited)",
					"@executable_path/Frameworks",
					"@loader_path/Frameworks",
				);
				PRODUCT_BUNDLE_IDENTIFIER = vijay.TestAppUITests;
				PRODUCT_NAME = "$(TARGET_NAME)";
				SWIFT_VERSION = 5.0;
				TARGETED_DEVICE_FAMILY = "1,2";
				TEST_TARGET_NAME = TestApp;
			};
			name = Release;
		};
/* End XCBuildConfiguration section */

/* Begin XCConfigurationList section */
		584C7BB92445D41300064FB9 /* Build configuration list for PBXProject "TestApp" */ = {
			isa = XCConfigurationList;
			buildConfigurations = (
				584C7BDB2445D41900064FB9 /* Debug */,
				584C7BDC2445D41900064FB9 /* Release */,
			);
			defaultConfigurationIsVisible = 0;
			defaultConfigurationName = Release;
		};
		584C7BDD2445D41900064FB9 /* Build configuration list for PBXNativeTarget "TestApp" */ = {
			isa = XCConfigurationList;
			buildConfigurations = (
				584C7BDE2445D41900064FB9 /* Debug */,
				584C7BDF2445D41900064FB9 /* Release */,
			);
			defaultConfigurationIsVisible = 0;
			defaultConfigurationName = Release;
		};
		584C7BE02445D41900064FB9 /* Build configuration list for PBXNativeTarget "TestAppTests" */ = {
			isa = XCConfigurationList;
			buildConfigurations = (
				584C7BE12445D41900064FB9 /* Debug */,
				584C7BE22445D41900064FB9 /* Release */,
			);
			defaultConfigurationIsVisible = 0;
			defaultConfigurationName = Release;
		};
		585335412448813D00524704 /* Build configuration list for PBXNativeTarget "TestAppUITests" */ = {
			isa = XCConfigurationList;
			buildConfigurations = (
				5853353F2448813D00524704 /* Debug */,
				585335402448813D00524704 /* Release */,
			);
			defaultConfigurationIsVisible = 0;
			defaultConfigurationName = Release;
		};
/* End XCConfigurationList section */
	};
	rootObject = 584C7BB62445D41300064FB9 /* Project object */;
}
